
Microsoft Visual Studio Solution File, Format Version 12.00
# Visual Studio Version 17
VisualStudioVersion = 17.11.35312.102
MinimumVisualStudioVersion = 10.0.40219.1
Project("{9A19103F-16F7-4668-BE54-9A1E7A4F7556}") = "_01HelloWorld", "HelloWorld\_01HelloWorld.csproj", "{A23AF09C-B463-430D-B2A2-C96EB58CBC99}"
EndProject
Project("{9A19103F-16F7-4668-BE54-9A1E7A4F7556}") = "_02Variables", "Variables\_02Variables.csproj", "{E44B7573-77CC-4ABE-9982-E5BAA700DAB0}"
EndProject
Project("{9A19103F-16F7-4668-BE54-9A1E7A4F7556}") = "_03ControlStatements", "ControlStructures\_03ControlStatements.csproj", "{78B85DB1-1CE3-4FAC-AD9F-311E5647774D}"
EndProject
Project("{9A19103F-16F7-4668-BE54-9A1E7A4F7556}") = "_04SwitchCaseApp", "IfElseSwitchApp\_04SwitchCaseApp.csproj", "{673C7FAD-1DE0-4C85-98E5-2BDB100F83B3}"
EndProject
Project("{9A19103F-16F7-4668-BE54-9A1E7A4F7556}") = "_05KimMilyonerOlmakIster", "KimMilyonerOlmakIster\_05KimMilyonerOlmakIster.csproj", "{0BF05B5F-29B7-4A88-AB5E-216ECF515DA8}"
EndProject
Project("{2150E333-8FDC-42A3-9474-1A3956D46DE8}") = "Week1 Summary", "Week1 Summary", "{5A22D58C-0357-490D-BD32-4E8E49563097}"
EndProject
Project("{FAE04EC0-301F-11D3-BF4B-00C04F79EFBC}") = "S01HelloWorld", "S01HelloWorld\S01HelloWorld.csproj", "{AD24EEE3-5E39-4A7B-BB4B-7C9206DD56C2}"
EndProject
Project("{FAE04EC0-301F-11D3-BF4B-00C04F79EFBC}") = "S02SumApp", "S02SumApp\S02SumApp.csproj", "{855B5891-FB70-410E-9BBC-E2DD65BB2BA1}"
EndProject
Project("{FAE04EC0-301F-11D3-BF4B-00C04F79EFBC}") = "S02AgeControl", "S02AgeControl\S02AgeControl.csproj", "{9512B231-76B5-44A8-A357-72DE475DB8EA}"
EndProject
Project("{FAE04EC0-301F-11D3-BF4B-00C04F79EFBC}") = "S04OddEven", "S04OddEven\S04OddEven.csproj", "{DB9EDDBE-4523-43CA-848D-46828805A0EF}"
EndProject
Project("{FAE04EC0-301F-11D3-BF4B-00C04F79EFBC}") = "S05TempratureCalculator", "S05TempratureCalculator\S05TempratureCalculator.csproj", "{45B87235-405D-4240-9534-1D2061B1E190}"
EndProject
Project("{FAE04EC0-301F-11D3-BF4B-00C04F79EFBC}") = "S06DayOfWeek", "S06DayOfWeek\S06DayOfWeek.csproj", "{2DEF3E42-BEB1-4C84-B1FA-2F23FC446AA5}"
EndProject
Project("{FAE04EC0-301F-11D3-BF4B-00C04F79EFBC}") = "S07CourseGrade", "S07CourseNotes\S07CourseGrade.csproj", "{DBFD798E-F8BA-4D41-BA6F-47DAE736350D}"
EndProject
Project("{FAE04EC0-301F-11D3-BF4B-00C04F79EFBC}") = "S08DayOfMonth", "S08DayOfMonth\S08DayOfMonth.csproj", "{EB41FAF6-71A4-4CEE-A7B6-1B7091BDF634}"
EndProject
Project("{FAE04EC0-301F-11D3-BF4B-00C04F79EFBC}") = "S09LoginControl", "S09LoginControl\S09LoginControl.csproj", "{834AD120-5F1B-4A49-B84F-C39F3ACF3C19}"
EndProject
Project("{FAE04EC0-301F-11D3-BF4B-00C04F79EFBC}") = "S10Calculator", "S10Calculator\S10Calculator.csproj", "{1100B41E-94DA-48AD-BAF4-25DE8986FEE0}"
EndProject
Global
	GlobalSection(SolutionConfigurationPlatforms) = preSolution
		Debug|Any CPU = Debug|Any CPU
		Release|Any CPU = Release|Any CPU
	EndGlobalSection
	GlobalSection(ProjectConfigurationPlatforms) = postSolution
		{A23AF09C-B463-430D-B2A2-C96EB58CBC99}.Debug|Any CPU.ActiveCfg = Debug|Any CPU
		{A23AF09C-B463-430D-B2A2-C96EB58CBC99}.Debug|Any CPU.Build.0 = Debug|Any CPU
		{A23AF09C-B463-430D-B2A2-C96EB58CBC99}.Release|Any CPU.ActiveCfg = Release|Any CPU
		{A23AF09C-B463-430D-B2A2-C96EB58CBC99}.Release|Any CPU.Build.0 = Release|Any CPU
		{E44B7573-77CC-4ABE-9982-E5BAA700DAB0}.Debug|Any CPU.ActiveCfg = Debug|Any CPU
		{E44B7573-77CC-4ABE-9982-E5BAA700DAB0}.Debug|Any CPU.Build.0 = Debug|Any CPU
		{E44B7573-77CC-4ABE-9982-E5BAA700DAB0}.Release|Any CPU.ActiveCfg = Release|Any CPU
		{E44B7573-77CC-4ABE-9982-E5BAA700DAB0}.Release|Any CPU.Build.0 = Release|Any CPU
		{78B85DB1-1CE3-4FAC-AD9F-311E5647774D}.Debug|Any CPU.ActiveCfg = Debug|Any CPU
		{78B85DB1-1CE3-4FAC-AD9F-311E5647774D}.Debug|Any CPU.Build.0 = Debug|Any CPU
		{78B85DB1-1CE3-4FAC-AD9F-311E5647774D}.Release|Any CPU.ActiveCfg = Release|Any CPU
		{78B85DB1-1CE3-4FAC-AD9F-311E5647774D}.Release|Any CPU.Build.0 = Release|Any CPU
		{673C7FAD-1DE0-4C85-98E5-2BDB100F83B3}.Debug|Any CPU.ActiveCfg = Debug|Any CPU
		{673C7FAD-1DE0-4C85-98E5-2BDB100F83B3}.Debug|Any CPU.Build.0 = Debug|Any CPU
		{673C7FAD-1DE0-4C85-98E5-2BDB100F83B3}.Release|Any CPU.ActiveCfg = Release|Any CPU
		{673C7FAD-1DE0-4C85-98E5-2BDB100F83B3}.Release|Any CPU.Build.0 = Release|Any CPU
		{0BF05B5F-29B7-4A88-AB5E-216ECF515DA8}.Debug|Any CPU.ActiveCfg = Debug|Any CPU
		{0BF05B5F-29B7-4A88-AB5E-216ECF515DA8}.Debug|Any CPU.Build.0 = Debug|Any CPU
		{0BF05B5F-29B7-4A88-AB5E-216ECF515DA8}.Release|Any CPU.ActiveCfg = Release|Any CPU
		{0BF05B5F-29B7-4A88-AB5E-216ECF515DA8}.Release|Any CPU.Build.0 = Release|Any CPU
		{AD24EEE3-5E39-4A7B-BB4B-7C9206DD56C2}.Debug|Any CPU.ActiveCfg = Debug|Any CPU
		{AD24EEE3-5E39-4A7B-BB4B-7C9206DD56C2}.Debug|Any CPU.Build.0 = Debug|Any CPU
		{AD24EEE3-5E39-4A7B-BB4B-7C9206DD56C2}.Release|Any CPU.ActiveCfg = Release|Any CPU
		{AD24EEE3-5E39-4A7B-BB4B-7C9206DD56C2}.Release|Any CPU.Build.0 = Release|Any CPU
		{855B5891-FB70-410E-9BBC-E2DD65BB2BA1}.Debug|Any CPU.ActiveCfg = Debug|Any CPU
		{855B5891-FB70-410E-9BBC-E2DD65BB2BA1}.Debug|Any CPU.Build.0 = Debug|Any CPU
		{855B5891-FB70-410E-9BBC-E2DD65BB2BA1}.Release|Any CPU.ActiveCfg = Release|Any CPU
		{855B5891-FB70-410E-9BBC-E2DD65BB2BA1}.Release|Any CPU.Build.0 = Release|Any CPU
		{9512B231-76B5-44A8-A357-72DE475DB8EA}.Debug|Any CPU.ActiveCfg = Debug|Any CPU
		{9512B231-76B5-44A8-A357-72DE475DB8EA}.Debug|Any CPU.Build.0 = Debug|Any CPU
		{9512B231-76B5-44A8-A357-72DE475DB8EA}.Release|Any CPU.ActiveCfg = Release|Any CPU
		{9512B231-76B5-44A8-A357-72DE475DB8EA}.Release|Any CPU.Build.0 = Release|Any CPU
		{DB9EDDBE-4523-43CA-848D-46828805A0EF}.Debug|Any CPU.ActiveCfg = Debug|Any CPU
		{DB9EDDBE-4523-43CA-848D-46828805A0EF}.Debug|Any CPU.Build.0 = Debug|Any CPU
		{DB9EDDBE-4523-43CA-848D-46828805A0EF}.Release|Any CPU.ActiveCfg = Release|Any CPU
		{DB9EDDBE-4523-43CA-848D-46828805A0EF}.Release|Any CPU.Build.0 = Release|Any CPU
		{45B87235-405D-4240-9534-1D2061B1E190}.Debug|Any CPU.ActiveCfg = Debug|Any CPU
		{45B87235-405D-4240-9534-1D2061B1E190}.Debug|Any CPU.Build.0 = Debug|Any CPU
		{45B87235-405D-4240-9534-1D2061B1E190}.Release|Any CPU.ActiveCfg = Release|Any CPU
		{45B87235-405D-4240-9534-1D2061B1E190}.Release|Any CPU.Build.0 = Release|Any CPU
		{2DEF3E42-BEB1-4C84-B1FA-2F23FC446AA5}.Debug|Any CPU.ActiveCfg = Debug|Any CPU
		{2DEF3E42-BEB1-4C84-B1FA-2F23FC446AA5}.Debug|Any CPU.Build.0 = Debug|Any CPU
		{2DEF3E42-BEB1-4C84-B1FA-2F23FC446AA5}.Release|Any CPU.ActiveCfg = Release|Any CPU
		{2DEF3E42-BEB1-4C84-B1FA-2F23FC446AA5}.Release|Any CPU.Build.0 = Release|Any CPU
		{DBFD798E-F8BA-4D41-BA6F-47DAE736350D}.Debug|Any CPU.ActiveCfg = Debug|Any CPU
		{DBFD798E-F8BA-4D41-BA6F-47DAE736350D}.Debug|Any CPU.Build.0 = Debug|Any CPU
		{DBFD798E-F8BA-4D41-BA6F-47DAE736350D}.Release|Any CPU.ActiveCfg = Release|Any CPU
		{DBFD798E-F8BA-4D41-BA6F-47DAE736350D}.Release|Any CPU.Build.0 = Release|Any CPU
		{EB41FAF6-71A4-4CEE-A7B6-1B7091BDF634}.Debug|Any CPU.ActiveCfg = Debug|Any CPU
		{EB41FAF6-71A4-4CEE-A7B6-1B7091BDF634}.Debug|Any CPU.Build.0 = Debug|Any CPU
		{EB41FAF6-71A4-4CEE-A7B6-1B7091BDF634}.Release|Any CPU.ActiveCfg = Release|Any CPU
		{EB41FAF6-71A4-4CEE-A7B6-1B7091BDF634}.Release|Any CPU.Build.0 = Release|Any CPU
		{834AD120-5F1B-4A49-B84F-C39F3ACF3C19}.Debug|Any CPU.ActiveCfg = Debug|Any CPU
		{834AD120-5F1B-4A49-B84F-C39F3ACF3C19}.Debug|Any CPU.Build.0 = Debug|Any CPU
		{834AD120-5F1B-4A49-B84F-C39F3ACF3C19}.Release|Any CPU.ActiveCfg = Release|Any CPU
		{834AD120-5F1B-4A49-B84F-C39F3ACF3C19}.Release|Any CPU.Build.0 = Release|Any CPU
		{1100B41E-94DA-48AD-BAF4-25DE8986FEE0}.Debug|Any CPU.ActiveCfg = Debug|Any CPU
		{1100B41E-94DA-48AD-BAF4-25DE8986FEE0}.Debug|Any CPU.Build.0 = Debug|Any CPU
		{1100B41E-94DA-48AD-BAF4-25DE8986FEE0}.Release|Any CPU.ActiveCfg = Release|Any CPU
		{1100B41E-94DA-48AD-BAF4-25DE8986FEE0}.Release|Any CPU.Build.0 = Release|Any CPU
	EndGlobalSection
	GlobalSection(SolutionProperties) = preSolution
		HideSolutionNode = FALSE
	EndGlobalSection
	GlobalSection(NestedProjects) = preSolution
		{AD24EEE3-5E39-4A7B-BB4B-7C9206DD56C2} = {5A22D58C-0357-490D-BD32-4E8E49563097}
		{855B5891-FB70-410E-9BBC-E2DD65BB2BA1} = {5A22D58C-0357-490D-BD32-4E8E49563097}
		{9512B231-76B5-44A8-A357-72DE475DB8EA} = {5A22D58C-0357-490D-BD32-4E8E49563097}
		{DB9EDDBE-4523-43CA-848D-46828805A0EF} = {5A22D58C-0357-490D-BD32-4E8E49563097}
		{45B87235-405D-4240-9534-1D2061B1E190} = {5A22D58C-0357-490D-BD32-4E8E49563097}
		{2DEF3E42-BEB1-4C84-B1FA-2F23FC446AA5} = {5A22D58C-0357-490D-BD32-4E8E49563097}
		{DBFD798E-F8BA-4D41-BA6F-47DAE736350D} = {5A22D58C-0357-490D-BD32-4E8E49563097}
		{EB41FAF6-71A4-4CEE-A7B6-1B7091BDF634} = {5A22D58C-0357-490D-BD32-4E8E49563097}
		{834AD120-5F1B-4A49-B84F-C39F3ACF3C19} = {5A22D58C-0357-490D-BD32-4E8E49563097}
		{1100B41E-94DA-48AD-BAF4-25DE8986FEE0} = {5A22D58C-0357-490D-BD32-4E8E49563097}
	EndGlobalSection
	GlobalSection(ExtensibilityGlobals) = postSolution
		SolutionGuid = {2E5900CC-A311-4E34-9A93-E2F295AABC5B}
	EndGlobalSection
EndGlobal
